<?xml version="1.0" encoding="utf-8"?>
<Project ToolsVersion="4.0" xmlns="http://schemas.microsoft.com/developer/msbuild/2003">
  <ItemGroup>
    <Filter Include="inc">
      <UniqueIdentifier>{4F6A1E0A-64E6-E343-9694-BD5E78928D39}</UniqueIdentifier>
    </Filter>
    <Filter Include="inc\framework">
      <UniqueIdentifier>{3AE58665-4E55-FA4A-B168-0FBDCD84EAF1}</UniqueIdentifier>
    </Filter>
    <Filter Include="inc\graphics">
      <UniqueIdentifier>{29888C40-131D-1A47-99BC-5A3E0254A0A4}</UniqueIdentifier>
    </Filter>
    <Filter Include="inc\math">
      <UniqueIdentifier>{1E130C1A-84F7-0F40-83E2-B6E26A87DC15}</UniqueIdentifier>
    </Filter>
    <Filter Include="src">
      <UniqueIdentifier>{04E34D47-5A8B-B24F-969B-16362F7E73A0}</UniqueIdentifier>
    </Filter>
    <Filter Include="src\framework">
      <UniqueIdentifier>{97D2FBF2-0CEF-FF44-BE6B-8D4969B898AB}</UniqueIdentifier>
    </Filter>
    <Filter Include="src\graphics">
      <UniqueIdentifier>{187336EA-0D97-6E44-B4E9-CA2772655C54}</UniqueIdentifier>
    </Filter>
    <Filter Include="src\math">
      <UniqueIdentifier>{AFA35A9D-0C1D-CA46-B715-59B2956BF0BE}</UniqueIdentifier>
    </Filter>
  </ItemGroup>
  <ItemGroup>
    <ClInclude Include="..\..\inc\Precompiled.h">
      <Filter>inc</Filter>
    </ClInclude>
    <ClInclude Include="..\..\inc\RenderObject.h">
      <Filter>inc</Filter>
    </ClInclude>
    <ClInclude Include="..\..\inc\framework\Application.h">
      <Filter>inc\framework</Filter>
    </ClInclude>
    <ClInclude Include="..\..\inc\framework\Debug.h">
      <Filter>inc\framework</Filter>
    </ClInclude>
    <ClInclude Include="..\..\inc\framework\ImGuiImpl.h">
      <Filter>inc\framework</Filter>
    </ClInclude>
    <ClInclude Include="..\..\inc\framework\Utilities.h">
      <Filter>inc\framework</Filter>
    </ClInclude>
    <ClInclude Include="..\..\inc\graphics\Buffer.h">
      <Filter>inc\graphics</Filter>
    </ClInclude>
    <ClInclude Include="..\..\inc\graphics\Color.h">
      <Filter>inc\graphics</Filter>
    </ClInclude>
    <ClInclude Include="..\..\inc\graphics\IndexBufferObject.h">
      <Filter>inc\graphics</Filter>
    </ClInclude>
    <ClInclude Include="..\..\inc\graphics\Light.h">
      <Filter>inc\graphics</Filter>
    </ClInclude>
    <ClInclude Include="..\..\inc\graphics\MeshLoader.h">
      <Filter>inc\graphics</Filter>
    </ClInclude>
    <ClInclude Include="..\..\inc\graphics\ShaderManager.h">
      <Filter>inc\graphics</Filter>
    </ClInclude>
    <ClInclude Include="..\..\inc\graphics\ShaderProgram.h">
      <Filter>inc\graphics</Filter>
    </ClInclude>
    <ClInclude Include="..\..\inc\graphics\Texture.h">
      <Filter>inc\graphics</Filter>
    </ClInclude>
    <ClInclude Include="..\..\inc\graphics\TextureManager.h">
      <Filter>inc\graphics</Filter>
    </ClInclude>
    <ClInclude Include="..\..\inc\graphics\Topology.h">
      <Filter>inc\graphics</Filter>
    </ClInclude>
    <ClInclude Include="..\..\inc\graphics\TriangleMesh.h">
      <Filter>inc\graphics</Filter>
    </ClInclude>
    <ClInclude Include="..\..\inc\graphics\Vertex.h">
      <Filter>inc\graphics</Filter>
    </ClInclude>
    <ClInclude Include="..\..\inc\graphics\VertexArrayObject.h">
      <Filter>inc\graphics</Filter>
    </ClInclude>
    <ClInclude Include="..\..\inc\graphics\VertexBufferObject.h">
      <Filter>inc\graphics</Filter>
    </ClInclude>
    <ClInclude Include="..\..\inc\math\EulerAngles.h">
      <Filter>inc\math</Filter>
    </ClInclude>
    <ClInclude Include="..\..\inc\math\EulerOrder.h">
      <Filter>inc\math</Filter>
    </ClInclude>
    <ClInclude Include="..\..\inc\math\Math.h">
      <Filter>inc\math</Filter>
    </ClInclude>
    <ClInclude Include="..\..\inc\math\MathFunctions.h">
      <Filter>inc\math</Filter>
    </ClInclude>
    <ClInclude Include="..\..\inc\math\Matrix2.h">
      <Filter>inc\math</Filter>
    </ClInclude>
    <ClInclude Include="..\..\inc\math\Matrix3.h">
      <Filter>inc\math</Filter>
    </ClInclude>
    <ClInclude Include="..\..\inc\math\Matrix4.h">
      <Filter>inc\math</Filter>
    </ClInclude>
    <ClInclude Include="..\..\inc\math\MatrixStorage.h">
      <Filter>inc\math</Filter>
    </ClInclude>
    <ClInclude Include="..\..\inc\math\Quaternion.h">
      <Filter>inc\math</Filter>
    </ClInclude>
    <ClInclude Include="..\..\inc\math\Reals.h">
      <Filter>inc\math</Filter>
    </ClInclude>
    <ClInclude Include="..\..\inc\math\Vector2.h">
      <Filter>inc\math</Filter>
    </ClInclude>
    <ClInclude Include="..\..\inc\math\Vector3.h">
      <Filter>inc\math</Filter>
    </ClInclude>
    <ClInclude Include="..\..\inc\math\Vector4.h">
      <Filter>inc\math</Filter>
    </ClInclude>
  </ItemGroup>
  <ItemGroup>
    <ClCompile Include="..\..\src\Main.cpp">
      <Filter>src</Filter>
    </ClCompile>
    <ClCompile Include="..\..\src\Precompiled.cpp">
      <Filter>src</Filter>
    </ClCompile>
    <ClCompile Include="..\..\src\RenderObject.cpp">
      <Filter>src</Filter>
    </ClCompile>
    <ClCompile Include="..\..\src\framework\Application.cpp">
      <Filter>src\framework</Filter>
    </ClCompile>
    <ClCompile Include="..\..\src\framework\Debug.cpp">
      <Filter>src\framework</Filter>
    </ClCompile>
    <ClCompile Include="..\..\src\framework\ImGuiImpl.cpp">
      <Filter>src\framework</Filter>
    </ClCompile>
    <ClCompile Include="..\..\src\graphics\Color.cpp">
      <Filter>src\graphics</Filter>
    </ClCompile>
    <ClCompile Include="..\..\src\graphics\IndexBufferObject.cpp">
      <Filter>src\graphics</Filter>
    </ClCompile>
    <ClCompile Include="..\..\src\graphics\Light.cpp">
      <Filter>src\graphics</Filter>
    </ClCompile>
    <ClCompile Include="..\..\src\graphics\MeshLoader.cpp">
      <Filter>src\graphics</Filter>
    </ClCompile>
    <ClCompile Include="..\..\src\graphics\ShaderManager.cpp">
      <Filter>src\graphics</Filter>
    </ClCompile>
    <ClCompile Include="..\..\src\graphics\ShaderProgram.cpp">
      <Filter>src\graphics</Filter>
    </ClCompile>
    <ClCompile Include="..\..\src\graphics\Texture.cpp">
      <Filter>src\graphics</Filter>
    </ClCompile>
    <ClCompile Include="..\..\src\graphics\TextureManager.cpp">
      <Filter>src\graphics</Filter>
    </ClCompile>
    <ClCompile Include="..\..\src\graphics\TriangleMesh.cpp">
      <Filter>src\graphics</Filter>
    </ClCompile>
    <ClCompile Include="..\..\src\graphics\VertexArrayObject.cpp">
      <Filter>src\graphics</Filter>
    </ClCompile>
    <ClCompile Include="..\..\src\graphics\VertexBufferObject.cpp">
      <Filter>src\graphics</Filter>
    </ClCompile>
    <ClCompile Include="..\..\src\math\EulerAngles.cpp">
      <Filter>src\math</Filter>
    </ClCompile>
    <ClCompile Include="..\..\src\math\EulerOrder.cpp">
      <Filter>src\math</Filter>
    </ClCompile>
    <ClCompile Include="..\..\src\math\MathFunctions.cpp">
      <Filter>src\math</Filter>
    </ClCompile>
    <ClCompile Include="..\..\src\math\Matrix2.cpp">
      <Filter>src\math</Filter>
    </ClCompile>
    <ClCompile Include="..\..\src\math\Matrix3.cpp">
      <Filter>src\math</Filter>
    </ClCompile>
    <ClCompile Include="..\..\src\math\Matrix4.cpp">
      <Filter>src\math</Filter>
    </ClCompile>
    <ClCompile Include="..\..\src\math\Quaternion.cpp">
      <Filter>src\math</Filter>
    </ClCompile>
    <ClCompile Include="..\..\src\math\Reals.cpp">
      <Filter>src\math</Filter>
    </ClCompile>
    <ClCompile Include="..\..\src\math\Vector2.cpp">
      <Filter>src\math</Filter>
    </ClCompile>
    <ClCompile Include="..\..\src\math\Vector3.cpp">
      <Filter>src\math</Filter>
    </ClCompile>
    <ClCompile Include="..\..\src\math\Vector4.cpp">
      <Filter>src\math</Filter>
    </ClCompile>
  </ItemGroup>
</Project>
